// !$*UTF8*$!
{
	archiveVersion = 1;
	classes = {
	};
	objectVersion = 56;
	objects = {

/* Begin PBXBuildFile section */
		1A8097902C23985E0075FCEE /* horseGameApp.swift in Sources */ = {isa = PBXBuildFile; fileRef = 1A80978F2C23985E0075FCEE /* horseGameApp.swift */; };
		1A8097922C23985E0075FCEE /* ContentView.swift in Sources */ = {isa = PBXBuildFile; fileRef = 1A8097912C23985E0075FCEE /* ContentView.swift */; };
		1A8097942C2398600075FCEE /* Assets.xcassets in Resources */ = {isa = PBXBuildFile; fileRef = 1A8097932C2398600075FCEE /* Assets.xcassets */; };
		1A8097972C2398600075FCEE /* Preview Assets.xcassets in Resources */ = {isa = PBXBuildFile; fileRef = 1A8097962C2398600075FCEE /* Preview Assets.xcassets */; };
		1A8097A02C23991C0075FCEE /* HorseView.swift in Sources */ = {isa = PBXBuildFile; fileRef = 1A80979F2C23991C0075FCEE /* HorseView.swift */; };
		1A8097A22C2399400075FCEE /* Keyboard.swift in Sources */ = {isa = PBXBuildFile; fileRef = 1A8097A12C23993F0075FCEE /* Keyboard.swift */; };
		1A8097C92C23D9980075FCEE /* GifImageView.swift in Sources */ = {isa = PBXBuildFile; fileRef = 1A8097C82C23D9980075FCEE /* GifImageView.swift */; };
		1A8097CF2C23E6520075FCEE /* horsing.gif in Resources */ = {isa = PBXBuildFile; fileRef = 1A8097CE2C23E6520075FCEE /* horsing.gif */; };
		1A8097D32C247D5A0075FCEE /* ObstacleView.swift in Sources */ = {isa = PBXBuildFile; fileRef = 1A8097D22C247D5A0075FCEE /* ObstacleView.swift */; };
		1A8097D52C2486C90075FCEE /* heno.gif in Resources */ = {isa = PBXBuildFile; fileRef = 1A8097D42C2486C90075FCEE /* heno.gif */; };
		1A8097FB2C2875F10075FCEE /* StarView.swift in Sources */ = {isa = PBXBuildFile; fileRef = 1A8097FA2C2875F10075FCEE /* StarView.swift */; };
		1A8098012C28EE600075FCEE /* ShieldView.swift in Sources */ = {isa = PBXBuildFile; fileRef = 1A8098002C28EE600075FCEE /* ShieldView.swift */; };
		1A8098182C2B1BBB0075FCEE /* HorseGameView.swift in Sources */ = {isa = PBXBuildFile; fileRef = 1A8098172C2B1BBB0075FCEE /* HorseGameView.swift */; };
		1A8098422C2FBED80075FCEE /* HeartsView.swift in Sources */ = {isa = PBXBuildFile; fileRef = 1A8098412C2FBED80075FCEE /* HeartsView.swift */; };
		1A8098462C33001A0075FCEE /* SoundManager.swift in Sources */ = {isa = PBXBuildFile; fileRef = 1A8098452C33001A0075FCEE /* SoundManager.swift */; };
		1A80984C2C33004E0075FCEE /* runningSound.mp3 in Resources */ = {isa = PBXBuildFile; fileRef = 1A8098482C33004E0075FCEE /* runningSound.mp3 */; };
		1A80984D2C33004E0075FCEE /* shieldSound.mp3 in Resources */ = {isa = PBXBuildFile; fileRef = 1A8098492C33004E0075FCEE /* shieldSound.mp3 */; };
		1A80984E2C33004E0075FCEE /* horseSound.mp3 in Resources */ = {isa = PBXBuildFile; fileRef = 1A80984A2C33004E0075FCEE /* horseSound.mp3 */; };
		1A80984F2C33004E0075FCEE /* starSound.mp3 in Resources */ = {isa = PBXBuildFile; fileRef = 1A80984B2C33004E0075FCEE /* starSound.mp3 */; };
		1A8098512C3388830075FCEE /* SeahorseGameView.swift in Sources */ = {isa = PBXBuildFile; fileRef = 1A8098502C3388830075FCEE /* SeahorseGameView.swift */; };
		1A8098532C338F2E0075FCEE /* seahorseView.swift in Sources */ = {isa = PBXBuildFile; fileRef = 1A8098522C338F2E0075FCEE /* seahorseView.swift */; };
		1A8098552C338F710075FCEE /* seahorse.gif in Resources */ = {isa = PBXBuildFile; fileRef = 1A8098542C338F710075FCEE /* seahorse.gif */; };
		1A8098572C3390FD0075FCEE /* bubbleView.swift in Sources */ = {isa = PBXBuildFile; fileRef = 1A8098562C3390FD0075FCEE /* bubbleView.swift */; };
		1A8098592C3392B20075FCEE /* JellyfishView.swift in Sources */ = {isa = PBXBuildFile; fileRef = 1A8098582C3392B20075FCEE /* JellyfishView.swift */; };
		1A80985B2C3392C10075FCEE /* jellyfish.gif in Resources */ = {isa = PBXBuildFile; fileRef = 1A80985A2C3392C10075FCEE /* jellyfish.gif */; };
		1A80985E2C3479880075FCEE /* bubblesSound.mp3 in Resources */ = {isa = PBXBuildFile; fileRef = 1A80985C2C3479870075FCEE /* bubblesSound.mp3 */; };
		1A80985F2C3479880075FCEE /* electricitySound.mp3 in Resources */ = {isa = PBXBuildFile; fileRef = 1A80985D2C3479880075FCEE /* electricitySound.mp3 */; };
		1A8098642C34C5AF0075FCEE /* astronautHorse.gif in Resources */ = {isa = PBXBuildFile; fileRef = 1A8098632C34C5AF0075FCEE /* astronautHorse.gif */; };
		1A8098662C34C5F10075FCEE /* AstronautHorseView.swift in Sources */ = {isa = PBXBuildFile; fileRef = 1A8098652C34C5F10075FCEE /* AstronautHorseView.swift */; };
		1A80986C2C34C79C0075FCEE /* UFO.gif in Resources */ = {isa = PBXBuildFile; fileRef = 1A80986B2C34C79C0075FCEE /* UFO.gif */; };
		1A80986E2C34C7C80075FCEE /* UfoView.swift in Sources */ = {isa = PBXBuildFile; fileRef = 1A80986D2C34C7C80075FCEE /* UfoView.swift */; };
		1A8098722C34EE020075FCEE /* SpaceGameView.swift in Sources */ = {isa = PBXBuildFile; fileRef = 1A8098712C34EE020075FCEE /* SpaceGameView.swift */; };
		1A8098742C34FD820075FCEE /* gameOverSound.mp3 in Resources */ = {isa = PBXBuildFile; fileRef = 1A8098732C34FD820075FCEE /* gameOverSound.mp3 */; };
		1A8098772C3501F80075FCEE /* laserSound.mp3 in Resources */ = {isa = PBXBuildFile; fileRef = 1A8098752C3501F80075FCEE /* laserSound.mp3 */; };
		1A80987A2C3504C60075FCEE /* EnergyShieldView.swift in Sources */ = {isa = PBXBuildFile; fileRef = 1A8098792C3504C60075FCEE /* EnergyShieldView.swift */; };
		1A80987C2C3506DC0075FCEE /* footstepsSound.mp3 in Resources */ = {isa = PBXBuildFile; fileRef = 1A80987B2C3506DC0075FCEE /* footstepsSound.mp3 */; };
		1A80987E2C35C45B0075FCEE /* MapsView.swift in Sources */ = {isa = PBXBuildFile; fileRef = 1A80987D2C35C45B0075FCEE /* MapsView.swift */; };
		1A8098802C35E71B0075FCEE /* ImageCarouselView.swift in Sources */ = {isa = PBXBuildFile; fileRef = 1A80987F2C35E71B0075FCEE /* ImageCarouselView.swift */; };
/* End PBXBuildFile section */

/* Begin PBXFileReference section */
		1A80978C2C23985E0075FCEE /* horseGame.app */ = {isa = PBXFileReference; explicitFileType = wrapper.application; includeInIndex = 0; path = horseGame.app; sourceTree = BUILT_PRODUCTS_DIR; };
		1A80978F2C23985E0075FCEE /* horseGameApp.swift */ = {isa = PBXFileReference; lastKnownFileType = sourcecode.swift; path = horseGameApp.swift; sourceTree = "<group>"; };
		1A8097912C23985E0075FCEE /* ContentView.swift */ = {isa = PBXFileReference; lastKnownFileType = sourcecode.swift; path = ContentView.swift; sourceTree = "<group>"; };
		1A8097932C2398600075FCEE /* Assets.xcassets */ = {isa = PBXFileReference; lastKnownFileType = folder.assetcatalog; path = Assets.xcassets; sourceTree = "<group>"; };
		1A8097962C2398600075FCEE /* Preview Assets.xcassets */ = {isa = PBXFileReference; lastKnownFileType = folder.assetcatalog; path = "Preview Assets.xcassets"; sourceTree = "<group>"; };
		1A8097982C2398600075FCEE /* horseGame.entitlements */ = {isa = PBXFileReference; lastKnownFileType = text.plist.entitlements; path = horseGame.entitlements; sourceTree = "<group>"; };
		1A80979F2C23991C0075FCEE /* HorseView.swift */ = {isa = PBXFileReference; lastKnownFileType = sourcecode.swift; path = HorseView.swift; sourceTree = "<group>"; };
		1A8097A12C23993F0075FCEE /* Keyboard.swift */ = {isa = PBXFileReference; lastKnownFileType = sourcecode.swift; path = Keyboard.swift; sourceTree = "<group>"; };
		1A8097C12C23D72C0075FCEE /* Foundation.framework */ = {isa = PBXFileReference; lastKnownFileType = wrapper.framework; name = Foundation.framework; path = System/Library/Frameworks/Foundation.framework; sourceTree = SDKROOT; };
		1A8097C82C23D9980075FCEE /* GifImageView.swift */ = {isa = PBXFileReference; lastKnownFileType = sourcecode.swift; path = GifImageView.swift; sourceTree = "<group>"; };
		1A8097CE2C23E6520075FCEE /* horsing.gif */ = {isa = PBXFileReference; lastKnownFileType = image.gif; path = horsing.gif; sourceTree = "<group>"; };
		1A8097D22C247D5A0075FCEE /* ObstacleView.swift */ = {isa = PBXFileReference; lastKnownFileType = sourcecode.swift; path = ObstacleView.swift; sourceTree = "<group>"; };
		1A8097D42C2486C90075FCEE /* heno.gif */ = {isa = PBXFileReference; lastKnownFileType = image.gif; path = heno.gif; sourceTree = "<group>"; };
		1A8097FA2C2875F10075FCEE /* StarView.swift */ = {isa = PBXFileReference; lastKnownFileType = sourcecode.swift; path = StarView.swift; sourceTree = "<group>"; };
		1A8098002C28EE600075FCEE /* ShieldView.swift */ = {isa = PBXFileReference; lastKnownFileType = sourcecode.swift; path = ShieldView.swift; sourceTree = "<group>"; };
		1A8098172C2B1BBB0075FCEE /* HorseGameView.swift */ = {isa = PBXFileReference; lastKnownFileType = sourcecode.swift; path = HorseGameView.swift; sourceTree = "<group>"; };
		1A8098412C2FBED80075FCEE /* HeartsView.swift */ = {isa = PBXFileReference; lastKnownFileType = sourcecode.swift; path = HeartsView.swift; sourceTree = "<group>"; };
		1A8098452C33001A0075FCEE /* SoundManager.swift */ = {isa = PBXFileReference; lastKnownFileType = sourcecode.swift; path = SoundManager.swift; sourceTree = "<group>"; };
		1A8098482C33004E0075FCEE /* runningSound.mp3 */ = {isa = PBXFileReference; lastKnownFileType = audio.mp3; path = runningSound.mp3; sourceTree = "<group>"; };
		1A8098492C33004E0075FCEE /* shieldSound.mp3 */ = {isa = PBXFileReference; lastKnownFileType = audio.mp3; path = shieldSound.mp3; sourceTree = "<group>"; };
		1A80984A2C33004E0075FCEE /* horseSound.mp3 */ = {isa = PBXFileReference; lastKnownFileType = audio.mp3; path = horseSound.mp3; sourceTree = "<group>"; };
		1A80984B2C33004E0075FCEE /* starSound.mp3 */ = {isa = PBXFileReference; lastKnownFileType = audio.mp3; path = starSound.mp3; sourceTree = "<group>"; };
		1A8098502C3388830075FCEE /* SeahorseGameView.swift */ = {isa = PBXFileReference; lastKnownFileType = sourcecode.swift; path = SeahorseGameView.swift; sourceTree = "<group>"; };
		1A8098522C338F2E0075FCEE /* seahorseView.swift */ = {isa = PBXFileReference; lastKnownFileType = sourcecode.swift; path = seahorseView.swift; sourceTree = "<group>"; };
		1A8098542C338F710075FCEE /* seahorse.gif */ = {isa = PBXFileReference; lastKnownFileType = image.gif; path = seahorse.gif; sourceTree = "<group>"; };
		1A8098562C3390FD0075FCEE /* bubbleView.swift */ = {isa = PBXFileReference; lastKnownFileType = sourcecode.swift; path = bubbleView.swift; sourceTree = "<group>"; };
		1A8098582C3392B20075FCEE /* JellyfishView.swift */ = {isa = PBXFileReference; lastKnownFileType = sourcecode.swift; path = JellyfishView.swift; sourceTree = "<group>"; };
		1A80985A2C3392C10075FCEE /* jellyfish.gif */ = {isa = PBXFileReference; lastKnownFileType = image.gif; path = jellyfish.gif; sourceTree = "<group>"; };
		1A80985C2C3479870075FCEE /* bubblesSound.mp3 */ = {isa = PBXFileReference; lastKnownFileType = audio.mp3; path = bubblesSound.mp3; sourceTree = "<group>"; };
		1A80985D2C3479880075FCEE /* electricitySound.mp3 */ = {isa = PBXFileReference; lastKnownFileType = audio.mp3; path = electricitySound.mp3; sourceTree = "<group>"; };
		1A8098632C34C5AF0075FCEE /* astronautHorse.gif */ = {isa = PBXFileReference; lastKnownFileType = image.gif; path = astronautHorse.gif; sourceTree = "<group>"; };
		1A8098652C34C5F10075FCEE /* AstronautHorseView.swift */ = {isa = PBXFileReference; lastKnownFileType = sourcecode.swift; path = AstronautHorseView.swift; sourceTree = "<group>"; };
		1A80986B2C34C79C0075FCEE /* UFO.gif */ = {isa = PBXFileReference; lastKnownFileType = image.gif; path = UFO.gif; sourceTree = "<group>"; };
		1A80986D2C34C7C80075FCEE /* UfoView.swift */ = {isa = PBXFileReference; lastKnownFileType = sourcecode.swift; path = UfoView.swift; sourceTree = "<group>"; };
		1A8098712C34EE020075FCEE /* SpaceGameView.swift */ = {isa = PBXFileReference; lastKnownFileType = sourcecode.swift; path = SpaceGameView.swift; sourceTree = "<group>"; };
		1A8098732C34FD820075FCEE /* gameOverSound.mp3 */ = {isa = PBXFileReference; lastKnownFileType = audio.mp3; path = gameOverSound.mp3; sourceTree = "<group>"; };
		1A8098752C3501F80075FCEE /* laserSound.mp3 */ = {isa = PBXFileReference; lastKnownFileType = audio.mp3; path = laserSound.mp3; sourceTree = "<group>"; };
		1A8098792C3504C60075FCEE /* EnergyShieldView.swift */ = {isa = PBXFileReference; lastKnownFileType = sourcecode.swift; path = EnergyShieldView.swift; sourceTree = "<group>"; };
		1A80987B2C3506DC0075FCEE /* footstepsSound.mp3 */ = {isa = PBXFileReference; lastKnownFileType = audio.mp3; path = footstepsSound.mp3; sourceTree = "<group>"; };
		1A80987D2C35C45B0075FCEE /* MapsView.swift */ = {isa = PBXFileReference; lastKnownFileType = sourcecode.swift; path = MapsView.swift; sourceTree = "<group>"; };
		1A80987F2C35E71B0075FCEE /* ImageCarouselView.swift */ = {isa = PBXFileReference; lastKnownFileType = sourcecode.swift; path = ImageCarouselView.swift; sourceTree = "<group>"; };
/* End PBXFileReference section */

/* Begin PBXFrameworksBuildPhase section */
		1A8097892C23985E0075FCEE /* Frameworks */ = {
			isa = PBXFrameworksBuildPhase;
			buildActionMask = 2147483647;
			files = (
			);
			runOnlyForDeploymentPostprocessing = 0;
		};
/* End PBXFrameworksBuildPhase section */

/* Begin PBXGroup section */
		1A8097832C23985E0075FCEE = {
			isa = PBXGroup;
			children = (
				1A8098602C34851A0075FCEE /* Gifs */,
				1A8098472C3300320075FCEE /* Sounds */,
				1A80978E2C23985E0075FCEE /* horseGame */,
				1A80978D2C23985E0075FCEE /* Products */,
				1A8097C02C23D72C0075FCEE /* Frameworks */,
			);
			sourceTree = "<group>";
		};
		1A80978D2C23985E0075FCEE /* Products */ = {
			isa = PBXGroup;
			children = (
				1A80978C2C23985E0075FCEE /* horseGame.app */,
			);
			name = Products;
			sourceTree = "<group>";
		};
		1A80978E2C23985E0075FCEE /* horseGame */ = {
			isa = PBXGroup;
			children = (
				1A80979E2C2399010075FCEE /* Logic */,
				1A80978F2C23985E0075FCEE /* horseGameApp.swift */,
				1A8097912C23985E0075FCEE /* ContentView.swift */,
				1A8097932C2398600075FCEE /* Assets.xcassets */,
				1A8097982C2398600075FCEE /* horseGame.entitlements */,
				1A8097952C2398600075FCEE /* Preview Content */,
			);
			path = horseGame;
			sourceTree = "<group>";
		};
		1A8097952C2398600075FCEE /* Preview Content */ = {
			isa = PBXGroup;
			children = (
				1A8097962C2398600075FCEE /* Preview Assets.xcassets */,
			);
			path = "Preview Content";
			sourceTree = "<group>";
		};
		1A80979E2C2399010075FCEE /* Logic */ = {
			isa = PBXGroup;
			children = (
				1A80979F2C23991C0075FCEE /* HorseView.swift */,
				1A8098502C3388830075FCEE /* SeahorseGameView.swift */,
				1A8098452C33001A0075FCEE /* SoundManager.swift */,
				1A8097A12C23993F0075FCEE /* Keyboard.swift */,
				1A8097C82C23D9980075FCEE /* GifImageView.swift */,
				1A8097D22C247D5A0075FCEE /* ObstacleView.swift */,
				1A8097FA2C2875F10075FCEE /* StarView.swift */,
				1A8098002C28EE600075FCEE /* ShieldView.swift */,
				1A8098172C2B1BBB0075FCEE /* HorseGameView.swift */,
				1A8098412C2FBED80075FCEE /* HeartsView.swift */,
				1A8098522C338F2E0075FCEE /* seahorseView.swift */,
				1A8098562C3390FD0075FCEE /* bubbleView.swift */,
				1A8098582C3392B20075FCEE /* JellyfishView.swift */,
				1A8098652C34C5F10075FCEE /* AstronautHorseView.swift */,
				1A80986D2C34C7C80075FCEE /* UfoView.swift */,
				1A8098712C34EE020075FCEE /* SpaceGameView.swift */,
				1A8098792C3504C60075FCEE /* EnergyShieldView.swift */,
				1A80987D2C35C45B0075FCEE /* MapsView.swift */,
				1A80987F2C35E71B0075FCEE /* ImageCarouselView.swift */,
			);
			path = Logic;
			sourceTree = "<group>";
		};
		1A8097C02C23D72C0075FCEE /* Frameworks */ = {
			isa = PBXGroup;
			children = (
				1A8097C12C23D72C0075FCEE /* Foundation.framework */,
			);
			name = Frameworks;
			sourceTree = "<group>";
		};
		1A8098472C3300320075FCEE /* Sounds */ = {
			isa = PBXGroup;
			children = (
				1A8098482C33004E0075FCEE /* runningSound.mp3 */,
				1A80984A2C33004E0075FCEE /* horseSound.mp3 */,
				1A8098492C33004E0075FCEE /* shieldSound.mp3 */,
				1A80984B2C33004E0075FCEE /* starSound.mp3 */,
				1A80985C2C3479870075FCEE /* bubblesSound.mp3 */,
				1A80985D2C3479880075FCEE /* electricitySound.mp3 */,
				1A80987B2C3506DC0075FCEE /* footstepsSound.mp3 */,
				1A8098752C3501F80075FCEE /* laserSound.mp3 */,
				1A8098732C34FD820075FCEE /* gameOverSound.mp3 */,
			);
			path = Sounds;
			sourceTree = "<group>";
		};
		1A8098602C34851A0075FCEE /* Gifs */ = {
			isa = PBXGroup;
			children = (
				1A8097CE2C23E6520075FCEE /* horsing.gif */,
				1A8097D42C2486C90075FCEE /* heno.gif */,
				1A8098542C338F710075FCEE /* seahorse.gif */,
				1A80985A2C3392C10075FCEE /* jellyfish.gif */,
				1A8098632C34C5AF0075FCEE /* astronautHorse.gif */,
				1A80986B2C34C79C0075FCEE /* UFO.gif */,
			);
			path = Gifs;
			sourceTree = "<group>";
		};
/* End PBXGroup section */

/* Begin PBXNativeTarget section */
		1A80978B2C23985E0075FCEE /* horseGame */ = {
			isa = PBXNativeTarget;
			buildConfigurationList = 1A80979B2C2398600075FCEE /* Build configuration list for PBXNativeTarget "horseGame" */;
			buildPhases = (
				1A8097882C23985E0075FCEE /* Sources */,
				1A8097892C23985E0075FCEE /* Frameworks */,
				1A80978A2C23985E0075FCEE /* Resources */,
			);
			buildRules = (
			);
			dependencies = (
			);
			name = horseGame;
			packageProductDependencies = (
			);
			productName = horseGame;
			productReference = 1A80978C2C23985E0075FCEE /* horseGame.app */;
			productType = "com.apple.product-type.application";
		};
/* End PBXNativeTarget section */

/* Begin PBXProject section */
		1A8097842C23985E0075FCEE /* Project object */ = {
			isa = PBXProject;
			attributes = {
				BuildIndependentTargetsInParallel = 1;
				LastSwiftUpdateCheck = 1530;
				LastUpgradeCheck = 1530;
				TargetAttributes = {
					1A80978B2C23985E0075FCEE = {
						CreatedOnToolsVersion = 15.3;
					};
				};
			};
			buildConfigurationList = 1A8097872C23985E0075FCEE /* Build configuration list for PBXProject "horseGame" */;
			compatibilityVersion = "Xcode 14.0";
			developmentRegion = en;
			hasScannedForEncodings = 0;
			knownRegions = (
				en,
				Base,
			);
			mainGroup = 1A8097832C23985E0075FCEE;
			packageReferences = (
			);
			productRefGroup = 1A80978D2C23985E0075FCEE /* Products */;
			projectDirPath = "";
			projectRoot = "";
			targets = (
				1A80978B2C23985E0075FCEE /* horseGame */,
			);
		};
/* End PBXProject section */

/* Begin PBXResourcesBuildPhase section */
		1A80978A2C23985E0075FCEE /* Resources */ = {
			isa = PBXResourcesBuildPhase;
			buildActionMask = 2147483647;
			files = (
				1A80984C2C33004E0075FCEE /* runningSound.mp3 in Resources */,
				1A80985E2C3479880075FCEE /* bubblesSound.mp3 in Resources */,
				1A80984D2C33004E0075FCEE /* shieldSound.mp3 in Resources */,
				1A80984E2C33004E0075FCEE /* horseSound.mp3 in Resources */,
				1A80987C2C3506DC0075FCEE /* footstepsSound.mp3 in Resources */,
				1A8097CF2C23E6520075FCEE /* horsing.gif in Resources */,
				1A8098742C34FD820075FCEE /* gameOverSound.mp3 in Resources */,
				1A80986C2C34C79C0075FCEE /* UFO.gif in Resources */,
				1A8098552C338F710075FCEE /* seahorse.gif in Resources */,
				1A80985B2C3392C10075FCEE /* jellyfish.gif in Resources */,
				1A8097972C2398600075FCEE /* Preview Assets.xcassets in Resources */,
				1A8097942C2398600075FCEE /* Assets.xcassets in Resources */,
				1A80984F2C33004E0075FCEE /* starSound.mp3 in Resources */,
				1A8097D52C2486C90075FCEE /* heno.gif in Resources */,
				1A8098772C3501F80075FCEE /* laserSound.mp3 in Resources */,
				1A8098642C34C5AF0075FCEE /* astronautHorse.gif in Resources */,
				1A80985F2C3479880075FCEE /* electricitySound.mp3 in Resources */,
			);
			runOnlyForDeploymentPostprocessing = 0;
		};
/* End PBXResourcesBuildPhase section */

/* Begin PBXSourcesBuildPhase section */
		1A8097882C23985E0075FCEE /* Sources */ = {
			isa = PBXSourcesBuildPhase;
			buildActionMask = 2147483647;
			files = (
				1A8097A02C23991C0075FCEE /* HorseView.swift in Sources */,
				1A8097D32C247D5A0075FCEE /* ObstacleView.swift in Sources */,
				1A8098532C338F2E0075FCEE /* seahorseView.swift in Sources */,
				1A8098592C3392B20075FCEE /* JellyfishView.swift in Sources */,
				1A80987A2C3504C60075FCEE /* EnergyShieldView.swift in Sources */,
				1A8097C92C23D9980075FCEE /* GifImageView.swift in Sources */,
				1A8098802C35E71B0075FCEE /* ImageCarouselView.swift in Sources */,
				1A8097922C23985E0075FCEE /* ContentView.swift in Sources */,
				1A8097A22C2399400075FCEE /* Keyboard.swift in Sources */,
				1A8098462C33001A0075FCEE /* SoundManager.swift in Sources */,
				1A8098662C34C5F10075FCEE /* AstronautHorseView.swift in Sources */,
				1A8097FB2C2875F10075FCEE /* StarView.swift in Sources */,
				1A8098182C2B1BBB0075FCEE /* HorseGameView.swift in Sources */,
				1A80987E2C35C45B0075FCEE /* MapsView.swift in Sources */,
				1A8097902C23985E0075FCEE /* horseGameApp.swift in Sources */,
				1A8098572C3390FD0075FCEE /* bubbleView.swift in Sources */,
				1A8098012C28EE600075FCEE /* ShieldView.swift in Sources */,
				1A8098422C2FBED80075FCEE /* HeartsView.swift in Sources */,
				1A80986E2C34C7C80075FCEE /* UfoView.swift in Sources */,
				1A8098512C3388830075FCEE /* SeahorseGameView.swift in Sources */,
				1A8098722C34EE020075FCEE /* SpaceGameView.swift in Sources */,
			);
			runOnlyForDeploymentPostprocessing = 0;
		};
/* End PBXSourcesBuildPhase section */

/* Begin XCBuildConfiguration section */
		1A8097992C2398600075FCEE /* Debug */ = {
			isa = XCBuildConfiguration;
			buildSettings = {
				ALWAYS_SEARCH_USER_PATHS = NO;
				ASSETCATALOG_COMPILER_GENERATE_SWIFT_ASSET_SYMBOL_EXTENSIONS = YES;
				CLANG_ANALYZER_NONNULL = YES;
				CLANG_ANALYZER_NUMBER_OBJECT_CONVERSION = YES_AGGRESSIVE;
				CLANG_CXX_LANGUAGE_STANDARD = "gnu++20";
				CLANG_ENABLE_MODULES = YES;
				CLANG_ENABLE_OBJC_ARC = YES;
				CLANG_ENABLE_OBJC_WEAK = YES;
				CLANG_WARN_BLOCK_CAPTURE_AUTORELEASING = YES;
				CLANG_WARN_BOOL_CONVERSION = YES;
				CLANG_WARN_COMMA = YES;
				CLANG_WARN_CONSTANT_CONVERSION = YES;
				CLANG_WARN_DEPRECATED_OBJC_IMPLEMENTATIONS = YES;
				CLANG_WARN_DIRECT_OBJC_ISA_USAGE = YES_ERROR;
				CLANG_WARN_DOCUMENTATION_COMMENTS = YES;
				CLANG_WARN_EMPTY_BODY = YES;
				CLANG_WARN_ENUM_CONVERSION = YES;
				CLANG_WARN_INFINITE_RECURSION = YES;
				CLANG_WARN_INT_CONVERSION = YES;
				CLANG_WARN_NON_LITERAL_NULL_CONVERSION = YES;
				CLANG_WARN_OBJC_IMPLICIT_RETAIN_SELF = YES;
				CLANG_WARN_OBJC_LITERAL_CONVERSION = YES;
				CLANG_WARN_OBJC_ROOT_CLASS = YES_ERROR;
				CLANG_WARN_QUOTED_INCLUDE_IN_FRAMEWORK_HEADER = YES;
				CLANG_WARN_RANGE_LOOP_ANALYSIS = YES;
				CLANG_WARN_STRICT_PROTOTYPES = YES;
				CLANG_WARN_SUSPICIOUS_MOVE = YES;
				CLANG_WARN_UNGUARDED_AVAILABILITY = YES_AGGRESSIVE;
				CLANG_WARN_UNREACHABLE_CODE = YES;
				CLANG_WARN__DUPLICATE_METHOD_MATCH = YES;
				COPY_PHASE_STRIP = NO;
				DEBUG_INFORMATION_FORMAT = dwarf;
				ENABLE_STRICT_OBJC_MSGSEND = YES;
				ENABLE_TESTABILITY = YES;
				ENABLE_USER_SCRIPT_SANDBOXING = YES;
				GCC_C_LANGUAGE_STANDARD = gnu17;
				GCC_DYNAMIC_NO_PIC = NO;
				GCC_NO_COMMON_BLOCKS = YES;
				GCC_OPTIMIZATION_LEVEL = 0;
				GCC_PREPROCESSOR_DEFINITIONS = (
					"DEBUG=1",
					"$(inherited)",
				);
				GCC_WARN_64_TO_32_BIT_CONVERSION = YES;
				GCC_WARN_ABOUT_RETURN_TYPE = YES_ERROR;
				GCC_WARN_UNDECLARED_SELECTOR = YES;
				GCC_WARN_UNINITIALIZED_AUTOS = YES_AGGRESSIVE;
				GCC_WARN_UNUSED_FUNCTION = YES;
				GCC_WARN_UNUSED_VARIABLE = YES;
				LOCALIZATION_PREFERS_STRING_CATALOGS = YES;
				MACOSX_DEPLOYMENT_TARGET = 14.4;
				MTL_ENABLE_DEBUG_INFO = INCLUDE_SOURCE;
				MTL_FAST_MATH = YES;
				ONLY_ACTIVE_ARCH = YES;
				SDKROOT = macosx;
				SWIFT_ACTIVE_COMPILATION_CONDITIONS = "DEBUG $(inherited)";
				SWIFT_OPTIMIZATION_LEVEL = "-Onone";
			};
			name = Debug;
		};
		1A80979A2C2398600075FCEE /* Release */ = {
			isa = XCBuildConfiguration;
			buildSettings = {
				ALWAYS_SEARCH_USER_PATHS = NO;
				ASSETCATALOG_COMPILER_GENERATE_SWIFT_ASSET_SYMBOL_EXTENSIONS = YES;
				CLANG_ANALYZER_NONNULL = YES;
				CLANG_ANALYZER_NUMBER_OBJECT_CONVERSION = YES_AGGRESSIVE;
				CLANG_CXX_LANGUAGE_STANDARD = "gnu++20";
				CLANG_ENABLE_MODULES = YES;
				CLANG_ENABLE_OBJC_ARC = YES;
				CLANG_ENABLE_OBJC_WEAK = YES;
				CLANG_WARN_BLOCK_CAPTURE_AUTORELEASING = YES;
				CLANG_WARN_BOOL_CONVERSION = YES;
				CLANG_WARN_COMMA = YES;
				CLANG_WARN_CONSTANT_CONVERSION = YES;
				CLANG_WARN_DEPRECATED_OBJC_IMPLEMENTATIONS = YES;
				CLANG_WARN_DIRECT_OBJC_ISA_USAGE = YES_ERROR;
				CLANG_WARN_DOCUMENTATION_COMMENTS = YES;
				CLANG_WARN_EMPTY_BODY = YES;
				CLANG_WARN_ENUM_CONVERSION = YES;
				CLANG_WARN_INFINITE_RECURSION = YES;
				CLANG_WARN_INT_CONVERSION = YES;
				CLANG_WARN_NON_LITERAL_NULL_CONVERSION = YES;
				CLANG_WARN_OBJC_IMPLICIT_RETAIN_SELF = YES;
				CLANG_WARN_OBJC_LITERAL_CONVERSION = YES;
				CLANG_WARN_OBJC_ROOT_CLASS = YES_ERROR;
				CLANG_WARN_QUOTED_INCLUDE_IN_FRAMEWORK_HEADER = YES;
				CLANG_WARN_RANGE_LOOP_ANALYSIS = YES;
				CLANG_WARN_STRICT_PROTOTYPES = YES;
				CLANG_WARN_SUSPICIOUS_MOVE = YES;
				CLANG_WARN_UNGUARDED_AVAILABILITY = YES_AGGRESSIVE;
				CLANG_WARN_UNREACHABLE_CODE = YES;
				CLANG_WARN__DUPLICATE_METHOD_MATCH = YES;
				COPY_PHASE_STRIP = NO;
				DEBUG_INFORMATION_FORMAT = "dwarf-with-dsym";
				ENABLE_NS_ASSERTIONS = NO;
				ENABLE_STRICT_OBJC_MSGSEND = YES;
				ENABLE_USER_SCRIPT_SANDBOXING = YES;
				GCC_C_LANGUAGE_STANDARD = gnu17;
				GCC_NO_COMMON_BLOCKS = YES;
				GCC_WARN_64_TO_32_BIT_CONVERSION = YES;
				GCC_WARN_ABOUT_RETURN_TYPE = YES_ERROR;
				GCC_WARN_UNDECLARED_SELECTOR = YES;
				GCC_WARN_UNINITIALIZED_AUTOS = YES_AGGRESSIVE;
				GCC_WARN_UNUSED_FUNCTION = YES;
				GCC_WARN_UNUSED_VARIABLE = YES;
				LOCALIZATION_PREFERS_STRING_CATALOGS = YES;
				MACOSX_DEPLOYMENT_TARGET = 14.4;
				MTL_ENABLE_DEBUG_INFO = NO;
				MTL_FAST_MATH = YES;
				SDKROOT = macosx;
				SWIFT_COMPILATION_MODE = wholemodule;
			};
			name = Release;
		};
		1A80979C2C2398600075FCEE /* Debug */ = {
			isa = XCBuildConfiguration;
			buildSettings = {
				ASSETCATALOG_COMPILER_APPICON_NAME = AppIcon;
				ASSETCATALOG_COMPILER_GLOBAL_ACCENT_COLOR_NAME = AccentColor;
				CODE_SIGN_ENTITLEMENTS = horseGame/horseGame.entitlements;
				CODE_SIGN_STYLE = Automatic;
				COMBINE_HIDPI_IMAGES = YES;
				CURRENT_PROJECT_VERSION = 1;
				DEVELOPMENT_ASSET_PATHS = "\"horseGame/Preview Content\"";
				ENABLE_PREVIEWS = YES;
				GENERATE_INFOPLIST_FILE = YES;
				INFOPLIST_KEY_NSHumanReadableCopyright = "";
				LD_RUNPATH_SEARCH_PATHS = (
					"$(inherited)",
					"@executable_path/../Frameworks",
				);
				MARKETING_VERSION = 1.0;
				PRODUCT_BUNDLE_IDENTIFIER = com.maia.horseGame;
				PRODUCT_NAME = "$(TARGET_NAME)";
				SWIFT_EMIT_LOC_STRINGS = YES;
				SWIFT_VERSION = 5.0;
			};
			name = Debug;
		};
		1A80979D2C2398600075FCEE /* Release */ = {
			isa = XCBuildConfiguration;
			buildSettings = {
				ASSETCATALOG_COMPILER_APPICON_NAME = AppIcon;
				ASSETCATALOG_COMPILER_GLOBAL_ACCENT_COLOR_NAME = AccentColor;
				CODE_SIGN_ENTITLEMENTS = horseGame/horseGame.entitlements;
				CODE_SIGN_STYLE = Automatic;
				COMBINE_HIDPI_IMAGES = YES;
				CURRENT_PROJECT_VERSION = 1;
				DEVELOPMENT_ASSET_PATHS = "\"horseGame/Preview Content\"";
				ENABLE_PREVIEWS = YES;
				GENERATE_INFOPLIST_FILE = YES;
				INFOPLIST_KEY_NSHumanReadableCopyright = "";
				LD_RUNPATH_SEARCH_PATHS = (
					"$(inherited)",
					"@executable_path/../Frameworks",
				);
				MARKETING_VERSION = 1.0;
				PRODUCT_BUNDLE_IDENTIFIER = com.maia.horseGame;
				PRODUCT_NAME = "$(TARGET_NAME)";
				SWIFT_EMIT_LOC_STRINGS = YES;
				SWIFT_VERSION = 5.0;
			};
			name = Release;
		};
/* End XCBuildConfiguration section */

/* Begin XCConfigurationList section */
		1A8097872C23985E0075FCEE /* Build configuration list for PBXProject "horseGame" */ = {
			isa = XCConfigurationList;
			buildConfigurations = (
				1A8097992C2398600075FCEE /* Debug */,
				1A80979A2C2398600075FCEE /* Release */,
			);
			defaultConfigurationIsVisible = 0;
			defaultConfigurationName = Debug;
		};
		1A80979B2C2398600075FCEE /* Build configuration list for PBXNativeTarget "horseGame" */ = {
			isa = XCConfigurationList;
			buildConfigurations = (
				1A80979C2C2398600075FCEE /* Debug */,
				1A80979D2C2398600075FCEE /* Release */,
			);
			defaultConfigurationIsVisible = 0;
			defaultConfigurationName = Debug;
		};
/* End XCConfigurationList section */
	};
	rootObject = 1A8097842C23985E0075FCEE /* Project object */;
}
